
Microsoft Visual Studio Solution File, Format Version 12.00
# Visual Studio Version 16
VisualStudioVersion = 16.0.30413.136
MinimumVisualStudioVersion = 10.0.40219.1
Project("{FAE04EC0-301F-11D3-BF4B-00C04F79EFBC}") = "Delegates", "Delegates\Delegates.csproj", "{394B20B1-CFB7-4CFF-BC1D-E685FD50AA07}"
EndProject
Project("{FAE04EC0-301F-11D3-BF4B-00C04F79EFBC}") = "Events", "Events\Events.csproj", "{BA82C17D-56C3-4A96-8373-E5FA4E4D9DF9}"
EndProject
Global
	GlobalSection(SolutionConfigurationPlatforms) = preSolution
		Debug|Any CPU = Debug|Any CPU
		Release|Any CPU = Release|Any CPU
	EndGlobalSection
	GlobalSection(ProjectConfigurationPlatforms) = postSolution
		{394B20B1-CFB7-4CFF-BC1D-E685FD50AA07}.Debug|Any CPU.ActiveCfg = Debug|Any CPU
		{394B20B1-CFB7-4CFF-BC1D-E685FD50AA07}.Debug|Any CPU.Build.0 = Debug|Any CPU
		{394B20B1-CFB7-4CFF-BC1D-E685FD50AA07}.Release|Any CPU.ActiveCfg = Release|Any CPU
		{394B20B1-CFB7-4CFF-BC1D-E685FD50AA07}.Release|Any CPU.Build.0 = Release|Any CPU
		{BA82C17D-56C3-4A96-8373-E5FA4E4D9DF9}.Debug|Any CPU.ActiveCfg = Debug|Any CPU
		{BA82C17D-56C3-4A96-8373-E5FA4E4D9DF9}.Debug|Any CPU.Build.0 = Debug|Any CPU
		{BA82C17D-56C3-4A96-8373-E5FA4E4D9DF9}.Release|Any CPU.ActiveCfg = Release|Any CPU
		{BA82C17D-56C3-4A96-8373-E5FA4E4D9DF9}.Release|Any CPU.Build.0 = Release|Any CPU
	EndGlobalSection
	GlobalSection(SolutionProperties) = preSolution
		HideSolutionNode = FALSE
	EndGlobalSection
	GlobalSection(ExtensibilityGlobals) = postSolution
		SolutionGuid = {EBE70C41-89B7-46F3-943A-357B13E358B9}
	EndGlobalSection
EndGlobal
