
Microsoft Visual Studio Solution File, Format Version 12.00
# Visual Studio Version 16
VisualStudioVersion = 16.0.30413.136
MinimumVisualStudioVersion = 10.0.40219.1
Project("{9A19103F-16F7-4668-BE54-9A1E7A4F7556}") = "Delegates", "Delegates\Delegates.csproj", "{394B20B1-CFB7-4CFF-BC1D-E685FD50AA07}"
EndProject
Project("{9A19103F-16F7-4668-BE54-9A1E7A4F7556}") = "Events", "Events\Events.csproj", "{BA82C17D-56C3-4A96-8373-E5FA4E4D9DF9}"
EndProject
Project("{9A19103F-16F7-4668-BE54-9A1E7A4F7556}") = "OOP", "OOP\OOP.csproj", "{BB8B8D5F-D27F-4AD9-B1EF-58017F189D81}"
EndProject
Project("{9A19103F-16F7-4668-BE54-9A1E7A4F7556}") = "OOP-Interfaces", "OOP-Interfaces\OOP-Interfaces.csproj", "{EFDF5201-6AA0-4CB8-A9A2-4C215357F518}"
EndProject
Project("{FAE04EC0-301F-11D3-BF4B-00C04F79EFBC}") = "Streams", "Streams\Streams.csproj", "{1637F5DC-8056-4240-A36E-D01C3524A650}"
EndProject
Global
	GlobalSection(SolutionConfigurationPlatforms) = preSolution
		Debug|Any CPU = Debug|Any CPU
		Release|Any CPU = Release|Any CPU
	EndGlobalSection
	GlobalSection(ProjectConfigurationPlatforms) = postSolution
		{394B20B1-CFB7-4CFF-BC1D-E685FD50AA07}.Debug|Any CPU.ActiveCfg = Debug|Any CPU
		{394B20B1-CFB7-4CFF-BC1D-E685FD50AA07}.Debug|Any CPU.Build.0 = Debug|Any CPU
		{394B20B1-CFB7-4CFF-BC1D-E685FD50AA07}.Release|Any CPU.ActiveCfg = Release|Any CPU
		{394B20B1-CFB7-4CFF-BC1D-E685FD50AA07}.Release|Any CPU.Build.0 = Release|Any CPU
		{BA82C17D-56C3-4A96-8373-E5FA4E4D9DF9}.Debug|Any CPU.ActiveCfg = Debug|Any CPU
		{BA82C17D-56C3-4A96-8373-E5FA4E4D9DF9}.Debug|Any CPU.Build.0 = Debug|Any CPU
		{BA82C17D-56C3-4A96-8373-E5FA4E4D9DF9}.Release|Any CPU.ActiveCfg = Release|Any CPU
		{BA82C17D-56C3-4A96-8373-E5FA4E4D9DF9}.Release|Any CPU.Build.0 = Release|Any CPU
		{BB8B8D5F-D27F-4AD9-B1EF-58017F189D81}.Debug|Any CPU.ActiveCfg = Debug|Any CPU
		{BB8B8D5F-D27F-4AD9-B1EF-58017F189D81}.Debug|Any CPU.Build.0 = Debug|Any CPU
		{BB8B8D5F-D27F-4AD9-B1EF-58017F189D81}.Release|Any CPU.ActiveCfg = Release|Any CPU
		{BB8B8D5F-D27F-4AD9-B1EF-58017F189D81}.Release|Any CPU.Build.0 = Release|Any CPU
		{EFDF5201-6AA0-4CB8-A9A2-4C215357F518}.Debug|Any CPU.ActiveCfg = Debug|Any CPU
		{EFDF5201-6AA0-4CB8-A9A2-4C215357F518}.Debug|Any CPU.Build.0 = Debug|Any CPU
		{EFDF5201-6AA0-4CB8-A9A2-4C215357F518}.Release|Any CPU.ActiveCfg = Release|Any CPU
		{EFDF5201-6AA0-4CB8-A9A2-4C215357F518}.Release|Any CPU.Build.0 = Release|Any CPU
		{1637F5DC-8056-4240-A36E-D01C3524A650}.Debug|Any CPU.ActiveCfg = Debug|Any CPU
		{1637F5DC-8056-4240-A36E-D01C3524A650}.Debug|Any CPU.Build.0 = Debug|Any CPU
		{1637F5DC-8056-4240-A36E-D01C3524A650}.Release|Any CPU.ActiveCfg = Release|Any CPU
		{1637F5DC-8056-4240-A36E-D01C3524A650}.Release|Any CPU.Build.0 = Release|Any CPU
	EndGlobalSection
	GlobalSection(SolutionProperties) = preSolution
		HideSolutionNode = FALSE
	EndGlobalSection
	GlobalSection(ExtensibilityGlobals) = postSolution
		SolutionGuid = {EBE70C41-89B7-46F3-943A-357B13E358B9}
	EndGlobalSection
EndGlobal
